// !$*UTF8*$!
{
	archiveVersion = 1;
	classes = {
	};
	objectVersion = 50;
	objects = {

/* Begin PBXBuildFile section */
		B00AD6A022BD6ABD003E2773 /* CardBack.swift in Sources */ = {isa = PBXBuildFile; fileRef = B00AD69F22BD6ABD003E2773 /* CardBack.swift */; };
		B05C1CC522BD520300A41AAD /* AppDelegate.swift in Sources */ = {isa = PBXBuildFile; fileRef = B05C1CC422BD520300A41AAD /* AppDelegate.swift */; };
		B05C1CC722BD520300A41AAD /* SceneDelegate.swift in Sources */ = {isa = PBXBuildFile; fileRef = B05C1CC622BD520300A41AAD /* SceneDelegate.swift */; };
		B05C1CC922BD520300A41AAD /* ContentView.swift in Sources */ = {isa = PBXBuildFile; fileRef = B05C1CC822BD520300A41AAD /* ContentView.swift */; };
		B05C1CCB22BD520B00A41AAD /* Assets.xcassets in Resources */ = {isa = PBXBuildFile; fileRef = B05C1CCA22BD520B00A41AAD /* Assets.xcassets */; };
		B05C1CCE22BD520B00A41AAD /* Preview Assets.xcassets in Resources */ = {isa = PBXBuildFile; fileRef = B05C1CCD22BD520B00A41AAD /* Preview Assets.xcassets */; };
		B05C1CD122BD520B00A41AAD /* LaunchScreen.storyboard in Resources */ = {isa = PBXBuildFile; fileRef = B05C1CCF22BD520B00A41AAD /* LaunchScreen.storyboard */; };
		B05C1CD922BD52A100A41AAD /* Card.swift in Sources */ = {isa = PBXBuildFile; fileRef = B05C1CD822BD52A100A41AAD /* Card.swift */; };
/* End PBXBuildFile section */

/* Begin PBXFileReference section */
		B00AD69F22BD6ABD003E2773 /* CardBack.swift */ = {isa = PBXFileReference; lastKnownFileType = sourcecode.swift; path = CardBack.swift; sourceTree = "<group>"; };
		B05C1CC122BD520300A41AAD /* animationsSwiftUai.app */ = {isa = PBXFileReference; explicitFileType = wrapper.application; includeInIndex = 0; path = animationsSwiftUai.app; sourceTree = BUILT_PRODUCTS_DIR; };
		B05C1CC422BD520300A41AAD /* AppDelegate.swift */ = {isa = PBXFileReference; lastKnownFileType = sourcecode.swift; path = AppDelegate.swift; sourceTree = "<group>"; };
		B05C1CC622BD520300A41AAD /* SceneDelegate.swift */ = {isa = PBXFileReference; lastKnownFileType = sourcecode.swift; path = SceneDelegate.swift; sourceTree = "<group>"; };
		B05C1CC822BD520300A41AAD /* ContentView.swift */ = {isa = PBXFileReference; lastKnownFileType = sourcecode.swift; path = ContentView.swift; sourceTree = "<group>"; };
		B05C1CCA22BD520B00A41AAD /* Assets.xcassets */ = {isa = PBXFileReference; lastKnownFileType = folder.assetcatalog; path = Assets.xcassets; sourceTree = "<group>"; };
		B05C1CCD22BD520B00A41AAD /* Preview Assets.xcassets */ = {isa = PBXFileReference; lastKnownFileType = folder.assetcatalog; path = "Preview Assets.xcassets"; sourceTree = "<group>"; };
		B05C1CD022BD520B00A41AAD /* Base */ = {isa = PBXFileReference; lastKnownFileType = file.storyboard; name = Base; path = Base.lproj/LaunchScreen.storyboard; sourceTree = "<group>"; };
		B05C1CD222BD520B00A41AAD /* Info.plist */ = {isa = PBXFileReference; lastKnownFileType = text.plist.xml; path = Info.plist; sourceTree = "<group>"; };
		B05C1CD822BD52A100A41AAD /* Card.swift */ = {isa = PBXFileReference; lastKnownFileType = sourcecode.swift; path = Card.swift; sourceTree = "<group>"; };
/* End PBXFileReference section */

/* Begin PBXFrameworksBuildPhase section */
		B05C1CBE22BD520300A41AAD /* Frameworks */ = {
			isa = PBXFrameworksBuildPhase;
			buildActionMask = 2147483647;
			files = (
			);
			runOnlyForDeploymentPostprocessing = 0;
		};
/* End PBXFrameworksBuildPhase section */

/* Begin PBXGroup section */
		B05C1CB822BD520300A41AAD = {
			isa = PBXGroup;
			children = (
				B05C1CC322BD520300A41AAD /* animationsSwiftUai */,
				B05C1CC222BD520300A41AAD /* Products */,
			);
			sourceTree = "<group>";
		};
		B05C1CC222BD520300A41AAD /* Products */ = {
			isa = PBXGroup;
			children = (
				B05C1CC122BD520300A41AAD /* animationsSwiftUai.app */,
			);
			name = Products;
			sourceTree = "<group>";
		};
		B05C1CC322BD520300A41AAD /* animationsSwiftUai */ = {
			isa = PBXGroup;
			children = (
				B05C1CC422BD520300A41AAD /* AppDelegate.swift */,
				B05C1CC622BD520300A41AAD /* SceneDelegate.swift */,
				B05C1CC822BD520300A41AAD /* ContentView.swift */,
				B05C1CCA22BD520B00A41AAD /* Assets.xcassets */,
				B05C1CCF22BD520B00A41AAD /* LaunchScreen.storyboard */,
				B05C1CD222BD520B00A41AAD /* Info.plist */,
				B05C1CCC22BD520B00A41AAD /* Preview Content */,
				B05C1CD822BD52A100A41AAD /* Card.swift */,
				B00AD69F22BD6ABD003E2773 /* CardBack.swift */,
			);
			path = animationsSwiftUai;
			sourceTree = "<group>";
		};
		B05C1CCC22BD520B00A41AAD /* Preview Content */ = {
			isa = PBXGroup;
			children = (
				B05C1CCD22BD520B00A41AAD /* Preview Assets.xcassets */,
			);
			path = "Preview Content";
			sourceTree = "<group>";
		};
/* End PBXGroup section */

/* Begin PBXNativeTarget section */
		B05C1CC022BD520300A41AAD /* animationsSwiftUai */ = {
			isa = PBXNativeTarget;
			buildConfigurationList = B05C1CD522BD520B00A41AAD /* Build configuration list for PBXNativeTarget "animationsSwiftUai" */;
			buildPhases = (
				B05C1CBD22BD520300A41AAD /* Sources */,
				B05C1CBE22BD520300A41AAD /* Frameworks */,
				B05C1CBF22BD520300A41AAD /* Resources */,
			);
			buildRules = (
			);
			dependencies = (
			);
			name = animationsSwiftUai;
			productName = animationsSwiftUai;
			productReference = B05C1CC122BD520300A41AAD /* animationsSwiftUai.app */;
			productType = "com.apple.product-type.application";
		};
/* End PBXNativeTarget section */

/* Begin PBXProject section */
		B05C1CB922BD520300A41AAD /* Project object */ = {
			isa = PBXProject;
			attributes = {
				LastSwiftUpdateCheck = 1100;
				LastUpgradeCheck = 1100;
				ORGANIZATIONNAME = "Weslley Tavares de Aguiar e Quadros";
				TargetAttributes = {
					B05C1CC022BD520300A41AAD = {
						CreatedOnToolsVersion = 11.0;
					};
				};
			};
			buildConfigurationList = B05C1CBC22BD520300A41AAD /* Build configuration list for PBXProject "animationsSwiftUai" */;
			compatibilityVersion = "Xcode 9.3";
			developmentRegion = en;
			hasScannedForEncodings = 0;
			knownRegions = (
				en,
				Base,
			);
			mainGroup = B05C1CB822BD520300A41AAD;
			productRefGroup = B05C1CC222BD520300A41AAD /* Products */;
			projectDirPath = "";
			projectRoot = "";
			targets = (
				B05C1CC022BD520300A41AAD /* animationsSwiftUai */,
			);
		};
/* End PBXProject section */

/* Begin PBXResourcesBuildPhase section */
		B05C1CBF22BD520300A41AAD /* Resources */ = {
			isa = PBXResourcesBuildPhase;
			buildActionMask = 2147483647;
			files = (
				B05C1CD122BD520B00A41AAD /* LaunchScreen.storyboard in Resources */,
				B05C1CCE22BD520B00A41AAD /* Preview Assets.xcassets in Resources */,
				B05C1CCB22BD520B00A41AAD /* Assets.xcassets in Resources */,
			);
			runOnlyForDeploymentPostprocessing = 0;
		};
/* End PBXResourcesBuildPhase section */

/* Begin PBXSourcesBuildPhase section */
		B05C1CBD22BD520300A41AAD /* Sources */ = {
			isa = PBXSourcesBuildPhase;
			buildActionMask = 2147483647;
			files = (
				B05C1CC522BD520300A41AAD /* AppDelegate.swift in Sources */,
				B05C1CC722BD520300A41AAD /* SceneDelegate.swift in Sources */,
				B05C1CC922BD520300A41AAD /* ContentView.swift in Sources */,
				B00AD6A022BD6ABD003E2773 /* CardBack.swift in Sources */,
				B05C1CD922BD52A100A41AAD /* Card.swift in Sources */,
			);
			runOnlyForDeploymentPostprocessing = 0;
		};
/* End PBXSourcesBuildPhase section */

/* Begin PBXVariantGroup section */
		B05C1CCF22BD520B00A41AAD /* LaunchScreen.storyboard */ = {
			isa = PBXVariantGroup;
			children = (
				B05C1CD022BD520B00A41AAD /* Base */,
			);
			name = LaunchScreen.storyboard;
			sourceTree = "<group>";
		};
/* End PBXVariantGroup section */

/* Begin XCBuildConfiguration section */
		B05C1CD322BD520B00A41AAD /* Debug */ = {
			isa = XCBuildConfiguration;
			buildSettings = {
				ALWAYS_SEARCH_USER_PATHS = NO;
				CLANG_ANALYZER_NONNULL = YES;
				CLANG_ANALYZER_NUMBER_OBJECT_CONVERSION = YES_AGGRESSIVE;
				CLANG_CXX_LANGUAGE_STANDARD = "gnu++14";
				CLANG_CXX_LIBRARY = "libc++";
				CLANG_ENABLE_MODULES = YES;
				CLANG_ENABLE_OBJC_ARC = YES;
				CLANG_ENABLE_OBJC_WEAK = YES;
				CLANG_WARN_BLOCK_CAPTURE_AUTORELEASING = YES;
				CLANG_WARN_BOOL_CONVERSION = YES;
				CLANG_WARN_COMMA = YES;
				CLANG_WARN_CONSTANT_CONVERSION = YES;
				CLANG_WARN_DEPRECATED_OBJC_IMPLEMENTATIONS = YES;
				CLANG_WARN_DIRECT_OBJC_ISA_USAGE = YES_ERROR;
				CLANG_WARN_DOCUMENTATION_COMMENTS = YES;
				CLANG_WARN_EMPTY_BODY = YES;
				CLANG_WARN_ENUM_CONVERSION = YES;
				CLANG_WARN_INFINITE_RECURSION = YES;
				CLANG_WARN_INT_CONVERSION = YES;
				CLANG_WARN_NON_LITERAL_NULL_CONVERSION = YES;
				CLANG_WARN_OBJC_IMPLICIT_RETAIN_SELF = YES;
				CLANG_WARN_OBJC_LITERAL_CONVERSION = YES;
				CLANG_WARN_OBJC_ROOT_CLASS = YES_ERROR;
				CLANG_WARN_RANGE_LOOP_ANALYSIS = YES;
				CLANG_WARN_STRICT_PROTOTYPES = YES;
				CLANG_WARN_SUSPICIOUS_MOVE = YES;
				CLANG_WARN_UNGUARDED_AVAILABILITY = YES_AGGRESSIVE;
				CLANG_WARN_UNREACHABLE_CODE = YES;
				CLANG_WARN__DUPLICATE_METHOD_MATCH = YES;
				COPY_PHASE_STRIP = NO;
				DEBUG_INFORMATION_FORMAT = dwarf;
				ENABLE_STRICT_OBJC_MSGSEND = YES;
				ENABLE_TESTABILITY = YES;
				GCC_C_LANGUAGE_STANDARD = gnu11;
				GCC_DYNAMIC_NO_PIC = NO;
				GCC_NO_COMMON_BLOCKS = YES;
				GCC_OPTIMIZATION_LEVEL = 0;
				GCC_PREPROCESSOR_DEFINITIONS = (
					"DEBUG=1",
					"$(inherited)",
				);
				GCC_WARN_64_TO_32_BIT_CONVERSION = YES;
				GCC_WARN_ABOUT_RETURN_TYPE = YES_ERROR;
				GCC_WARN_UNDECLARED_SELECTOR = YES;
				GCC_WARN_UNINITIALIZED_AUTOS = YES_AGGRESSIVE;
				GCC_WARN_UNUSED_FUNCTION = YES;
				GCC_WARN_UNUSED_VARIABLE = YES;
				IPHONEOS_DEPLOYMENT_TARGET = 13.0;
				MTL_ENABLE_DEBUG_INFO = INCLUDE_SOURCE;
				MTL_FAST_MATH = YES;
				ONLY_ACTIVE_ARCH = YES;
				SDKROOT = iphoneos;
				SWIFT_ACTIVE_COMPILATION_CONDITIONS = DEBUG;
				SWIFT_OPTIMIZATION_LEVEL = "-Onone";
			};
			name = Debug;
		};
		B05C1CD422BD520B00A41AAD /* Release */ = {
			isa = XCBuildConfiguration;
			buildSettings = {
				ALWAYS_SEARCH_USER_PATHS = NO;
				CLANG_ANALYZER_NONNULL = YES;
				CLANG_ANALYZER_NUMBER_OBJECT_CONVERSION = YES_AGGRESSIVE;
				CLANG_CXX_LANGUAGE_STANDARD = "gnu++14";
				CLANG_CXX_LIBRARY = "libc++";
				CLANG_ENABLE_MODULES = YES;
				CLANG_ENABLE_OBJC_ARC = YES;
				CLANG_ENABLE_OBJC_WEAK = YES;
				CLANG_WARN_BLOCK_CAPTURE_AUTORELEASING = YES;
				CLANG_WARN_BOOL_CONVERSION = YES;
				CLANG_WARN_COMMA = YES;
				CLANG_WARN_CONSTANT_CONVERSION = YES;
				CLANG_WARN_DEPRECATED_OBJC_IMPLEMENTATIONS = YES;
				CLANG_WARN_DIRECT_OBJC_ISA_USAGE = YES_ERROR;
				CLANG_WARN_DOCUMENTATION_COMMENTS = YES;
				CLANG_WARN_EMPTY_BODY = YES;
				CLANG_WARN_ENUM_CONVERSION = YES;
				CLANG_WARN_INFINITE_RECURSION = YES;
				CLANG_WARN_INT_CONVERSION = YES;
				CLANG_WARN_NON_LITERAL_NULL_CONVERSION = YES;
				CLANG_WARN_OBJC_IMPLICIT_RETAIN_SELF = YES;
				CLANG_WARN_OBJC_LITERAL_CONVERSION = YES;
				CLANG_WARN_OBJC_ROOT_CLASS = YES_ERROR;
				CLANG_WARN_RANGE_LOOP_ANALYSIS = YES;
				CLANG_WARN_STRICT_PROTOTYPES = YES;
				CLANG_WARN_SUSPICIOUS_MOVE = YES;
				CLANG_WARN_UNGUARDED_AVAILABILITY = YES_AGGRESSIVE;
				CLANG_WARN_UNREACHABLE_CODE = YES;
				CLANG_WARN__DUPLICATE_METHOD_MATCH = YES;
				COPY_PHASE_STRIP = NO;
				DEBUG_INFORMATION_FORMAT = "dwarf-with-dsym";
				ENABLE_NS_ASSERTIONS = NO;
				ENABLE_STRICT_OBJC_MSGSEND = YES;
				GCC_C_LANGUAGE_STANDARD = gnu11;
				GCC_NO_COMMON_BLOCKS = YES;
				GCC_WARN_64_TO_32_BIT_CONVERSION = YES;
				GCC_WARN_ABOUT_RETURN_TYPE = YES_ERROR;
				GCC_WARN_UNDECLARED_SELECTOR = YES;
				GCC_WARN_UNINITIALIZED_AUTOS = YES_AGGRESSIVE;
				GCC_WARN_UNUSED_FUNCTION = YES;
				GCC_WARN_UNUSED_VARIABLE = YES;
				IPHONEOS_DEPLOYMENT_TARGET = 13.0;
				MTL_ENABLE_DEBUG_INFO = NO;
				MTL_FAST_MATH = YES;
				SDKROOT = iphoneos;
				SWIFT_COMPILATION_MODE = wholemodule;
				SWIFT_OPTIMIZATION_LEVEL = "-O";
				VALIDATE_PRODUCT = YES;
			};
			name = Release;
		};
		B05C1CD622BD520B00A41AAD /* Debug */ = {
			isa = XCBuildConfiguration;
			buildSettings = {
				ASSETCATALOG_COMPILER_APPICON_NAME = AppIcon;
				CODE_SIGN_STYLE = Automatic;
				DEVELOPMENT_ASSET_PATHS = "animationsSwiftUai/Preview\\ Content";
				DEVELOPMENT_TEAM = 395HQL23FJ;
				ENABLE_PREVIEWS = YES;
				INFOPLIST_FILE = animationsSwiftUai/Info.plist;
				LD_RUNPATH_SEARCH_PATHS = (
					"$(inherited)",
					"@executable_path/Frameworks",
				);
				PRODUCT_BUNDLE_IDENTIFIER = com.weslley.swiftui.br.animationsSwiftUai;
				PRODUCT_NAME = "$(TARGET_NAME)";
				SWIFT_VERSION = 5.0;
				TARGETED_DEVICE_FAMILY = "1,2";
			};
			name = Debug;
		};
		B05C1CD722BD520B00A41AAD /* Release */ = {
			isa = XCBuildConfiguration;
			buildSettings = {
				ASSETCATALOG_COMPILER_APPICON_NAME = AppIcon;
				CODE_SIGN_STYLE = Automatic;
				DEVELOPMENT_ASSET_PATHS = "animationsSwiftUai/Preview\\ Content";
				DEVELOPMENT_TEAM = 395HQL23FJ;
				ENABLE_PREVIEWS = YES;
				INFOPLIST_FILE = animationsSwiftUai/Info.plist;
				LD_RUNPATH_SEARCH_PATHS = (
					"$(inherited)",
					"@executable_path/Frameworks",
				);
				PRODUCT_BUNDLE_IDENTIFIER = com.weslley.swiftui.br.animationsSwiftUai;
				PRODUCT_NAME = "$(TARGET_NAME)";
				SWIFT_VERSION = 5.0;
				TARGETED_DEVICE_FAMILY = "1,2";
			};
			name = Release;
		};
/* End XCBuildConfiguration section */

/* Begin XCConfigurationList section */
		B05C1CBC22BD520300A41AAD /* Build configuration list for PBXProject "animationsSwiftUai" */ = {
			isa = XCConfigurationList;
			buildConfigurations = (
				B05C1CD322BD520B00A41AAD /* Debug */,
				B05C1CD422BD520B00A41AAD /* Release */,
			);
			defaultConfigurationIsVisible = 0;
			defaultConfigurationName = Release;
		};
		B05C1CD522BD520B00A41AAD /* Build configuration list for PBXNativeTarget "animationsSwiftUai" */ = {
			isa = XCConfigurationList;
			buildConfigurations = (
				B05C1CD622BD520B00A41AAD /* Debug */,
				B05C1CD722BD520B00A41AAD /* Release */,
			);
			defaultConfigurationIsVisible = 0;
			defaultConfigurationName = Release;
		};
/* End XCConfigurationList section */
	};
	rootObject = B05C1CB922BD520300A41AAD /* Project object */;
}
